
Microsoft Visual Studio Solution File, Format Version 12.00
# Visual Studio Version 17
VisualStudioVersion = 17.7.34031.279
MinimumVisualStudioVersion = 10.0.40219.1
Project("{FAE04EC0-301F-11D3-BF4B-00C04F79EFBC}") = "maks_lr4_v2", "maks_lr4_v2\maks_lr4_v2.csproj", "{3B848B85-99F2-4C48-BB55-8599FE3A18B6}"
EndProject
Global
	GlobalSection(SolutionConfigurationPlatforms) = preSolution
		Debug|Any CPU = Debug|Any CPU
		Release|Any CPU = Release|Any CPU
	EndGlobalSection
	GlobalSection(ProjectConfigurationPlatforms) = postSolution
		{3B848B85-99F2-4C48-BB55-8599FE3A18B6}.Debug|Any CPU.ActiveCfg = Debug|Any CPU
		{3B848B85-99F2-4C48-BB55-8599FE3A18B6}.Debug|Any CPU.Build.0 = Debug|Any CPU
		{3B848B85-99F2-4C48-BB55-8599FE3A18B6}.Release|Any CPU.ActiveCfg = Release|Any CPU
		{3B848B85-99F2-4C48-BB55-8599FE3A18B6}.Release|Any CPU.Build.0 = Release|Any CPU
	EndGlobalSection
	GlobalSection(SolutionProperties) = preSolution
		HideSolutionNode = FALSE
	EndGlobalSection
	GlobalSection(ExtensibilityGlobals) = postSolution
		SolutionGuid = {392227C5-0A95-4916-BD9E-51026DBBC221}
	EndGlobalSection
EndGlobal
